
Microsoft Visual Studio Solution File, Format Version 12.00
# Visual Studio Version 17
VisualStudioVersion = 17.4.33205.214
MinimumVisualStudioVersion = 10.0.40219.1
Project("{2150E333-8FDC-42A3-9474-1A3956D46DE8}") = "Services", "Services", "{727FE473-F45A-4CCA-83CC-AAE94CEA2BCC}"
EndProject
Project("{2150E333-8FDC-42A3-9474-1A3956D46DE8}") = "Authorization", "Authorization", "{18D2305F-ADD7-44DD-AA5E-DE8D6253F714}"
EndProject
Project("{9A19103F-16F7-4668-BE54-9A1E7A4F7556}") = "Authorization.API", "Authorization.API\Authorization.API.csproj", "{B8B630C8-5333-4ADA-A1F0-974AB6D7EC23}"
EndProject
Project("{9A19103F-16F7-4668-BE54-9A1E7A4F7556}") = "Authorization.Data", "Authorization.Data\Authorization.Data.csproj", "{21A356B3-9D09-4D31-9DC8-40FAD004AAEA}"
EndProject
Project("{2150E333-8FDC-42A3-9474-1A3956D46DE8}") = "Shared", "Shared", "{0E07F73A-6274-44FE-9392-9EFC6C60E3A9}"
EndProject
Project("{E53339B2-1760-4266-BCC7-CA923CBCF16C}") = "docker-compose", "docker-compose.dcproj", "{DA128EBC-E804-4FF7-BD97-E30EEB0F9CFA}"
EndProject
Project("{9A19103F-16F7-4668-BE54-9A1E7A4F7556}") = "Shared.Exceptions", "Shared\Shared.Exceptions\Shared.Exceptions.csproj", "{741BC0A7-E547-43F1-A772-F0B1875D44B8}"
EndProject
Project("{9A19103F-16F7-4668-BE54-9A1E7A4F7556}") = "Authorization.Business", "Authorization.Business\Authorization.Business.csproj", "{3B5B3AD9-44F6-4BA5-BCCB-AFD15F2A406E}"
EndProject
Project("{9A19103F-16F7-4668-BE54-9A1E7A4F7556}") = "Shared.Core", "Shared\Shared.Core\Shared.Core.csproj", "{69507C52-2FAF-4A2F-A09B-F5630E1DCB6D}"
EndProject
Project("{2150E333-8FDC-42A3-9474-1A3956D46DE8}") = "Offices", "Offices", "{A2E26CFC-2BE2-425A-847B-6F57B7FAA35F}"
EndProject
Project("{9A19103F-16F7-4668-BE54-9A1E7A4F7556}") = "Offices.API", "Offices.API\Offices.API.csproj", "{8D0D58A1-6532-4334-80E8-77211CD5C42D}"
EndProject
Project("{9A19103F-16F7-4668-BE54-9A1E7A4F7556}") = "Offices.Data", "Offices.Data\Offices.Data.csproj", "{9DA37F26-1F89-45C1-9D7E-8130605B4F41}"
EndProject
Project("{9A19103F-16F7-4668-BE54-9A1E7A4F7556}") = "Offices.Business", "Offices.Business\Offices.Business.csproj", "{DA605E96-4EFF-4856-81F0-4980B8AAC411}"
EndProject
Project("{9A19103F-16F7-4668-BE54-9A1E7A4F7556}") = "Profiles.API", "Profiles.API\Profiles.API.csproj", "{0D4BBEBC-F702-4020-A5E5-2CAF888B9B68}"
EndProject
Project("{9A19103F-16F7-4668-BE54-9A1E7A4F7556}") = "Profiles.Business", "Profiles.Business\Profiles.Business.csproj", "{192F75E0-5030-4086-8D63-5BAE07BB277C}"
EndProject
Project("{9A19103F-16F7-4668-BE54-9A1E7A4F7556}") = "Profiles.Data", "Profiles.Data\Profiles.Data.csproj", "{676FBA87-2469-4BE1-A201-E3C3D1E369A7}"
EndProject
Project("{2150E333-8FDC-42A3-9474-1A3956D46DE8}") = "Profiles", "Profiles", "{BFD10B2B-73A9-44CD-97E6-380B07B365F2}"
EndProject
Project("{9A19103F-16F7-4668-BE54-9A1E7A4F7556}") = "Shared.Models", "Shared\Shared.Models\Shared.Models.csproj", "{F04F2184-18B1-4F58-8FF4-CF81612124E7}"
EndProject
Project("{9A19103F-16F7-4668-BE54-9A1E7A4F7556}") = "Shared.Messages", "Shared\Shared.Messages\Shared.Messages.csproj", "{C3094DB7-0784-4471-909C-F61CB9B1A4D9}"
EndProject
Project("{2150E333-8FDC-42A3-9474-1A3956D46DE8}") = "Services", "Services", "{70E746F5-E3C2-4506-BE50-7C6F9BDA0D83}"
EndProject
Project("{9A19103F-16F7-4668-BE54-9A1E7A4F7556}") = "Services.Business", "Services.Business\Services.Business.csproj", "{B30D07B6-739A-4979-B06A-7983B0E91807}"
EndProject
Project("{9A19103F-16F7-4668-BE54-9A1E7A4F7556}") = "Services.Data", "Services.Data\Services.Data.csproj", "{34066BD9-2F5C-4FF2-8E58-1B66092ADE1F}"
EndProject
Project("{9A19103F-16F7-4668-BE54-9A1E7A4F7556}") = "Services.API", "Services.API\Services.API.csproj", "{494E4A41-15E3-4459-AEF1-5C2D29E0A2CB}"
EndProject
Project("{2150E333-8FDC-42A3-9474-1A3956D46DE8}") = "Appointments", "Appointments", "{CFBB2AC0-A49E-4AFF-9327-C2628710ACE0}"
EndProject
Project("{9A19103F-16F7-4668-BE54-9A1E7A4F7556}") = "Appointments.Read.Application", "Appointments.Read.Application\Appointments.Read.Application.csproj", "{596FF8D4-E028-4662-AC1D-CE0FA2605C9B}"
EndProject
Project("{9A19103F-16F7-4668-BE54-9A1E7A4F7556}") = "Appointments.Read.Domain", "Appointments.Read.Domain\Appointments.Read.Domain.csproj", "{7561732C-6212-45DB-9AEE-081927B1A89D}"
EndProject
Project("{9A19103F-16F7-4668-BE54-9A1E7A4F7556}") = "Appointments.Read.Persistence", "Appointments.Read.Persistence\Appointments.Read.Persistence.csproj", "{798A4018-4C62-44EF-ACD4-F79FC940C78D}"
EndProject
Project("{9A19103F-16F7-4668-BE54-9A1E7A4F7556}") = "Appointments.Write.Domain", "Appointments.Write.Domain\Appointments.Write.Domain.csproj", "{71C9029D-86D3-41C1-AB3A-F5395358DC38}"
EndProject
Project("{9A19103F-16F7-4668-BE54-9A1E7A4F7556}") = "Appointments.Write.Application", "Appointments.Write.Application\Appointments.Write.Application.csproj", "{9C17E881-7AA3-4396-9D52-553EEF1CF610}"
EndProject
Project("{9A19103F-16F7-4668-BE54-9A1E7A4F7556}") = "Appointments.Write.Persistence", "Appointments.Write.Persistence\Appointments.Write.Persistence.csproj", "{F01AF519-B7DC-4056-95A1-CB26745AA79A}"
EndProject
Project("{9A19103F-16F7-4668-BE54-9A1E7A4F7556}") = "Appointments.Write.API", "Appointments.Write.API\Appointments.Write.API.csproj", "{9FBA21C6-72C5-4353-9844-1EEF3CD055E5}"
EndProject
Project("{9A19103F-16F7-4668-BE54-9A1E7A4F7556}") = "Appointments.Read.API", "Appointments.Read.API\Appointments.Read.API.csproj", "{B4814C04-424F-476B-92FE-A2F1B0BAF4D1}"
EndProject
Project("{2150E333-8FDC-42A3-9474-1A3956D46DE8}") = "Read", "Read", "{047CF146-83F3-441A-A47A-0EAC576F049C}"
EndProject
Project("{2150E333-8FDC-42A3-9474-1A3956D46DE8}") = "Write", "Write", "{69DC6ED3-55A1-446D-9E47-6145742234FD}"
EndProject
Global
	GlobalSection(SolutionConfigurationPlatforms) = preSolution
		Debug|Any CPU = Debug|Any CPU
		Release|Any CPU = Release|Any CPU
	EndGlobalSection
	GlobalSection(ProjectConfigurationPlatforms) = postSolution
		{B8B630C8-5333-4ADA-A1F0-974AB6D7EC23}.Debug|Any CPU.ActiveCfg = Debug|Any CPU
		{B8B630C8-5333-4ADA-A1F0-974AB6D7EC23}.Debug|Any CPU.Build.0 = Debug|Any CPU
		{B8B630C8-5333-4ADA-A1F0-974AB6D7EC23}.Release|Any CPU.ActiveCfg = Release|Any CPU
		{B8B630C8-5333-4ADA-A1F0-974AB6D7EC23}.Release|Any CPU.Build.0 = Release|Any CPU
		{21A356B3-9D09-4D31-9DC8-40FAD004AAEA}.Debug|Any CPU.ActiveCfg = Debug|Any CPU
		{21A356B3-9D09-4D31-9DC8-40FAD004AAEA}.Debug|Any CPU.Build.0 = Debug|Any CPU
		{21A356B3-9D09-4D31-9DC8-40FAD004AAEA}.Release|Any CPU.ActiveCfg = Release|Any CPU
		{21A356B3-9D09-4D31-9DC8-40FAD004AAEA}.Release|Any CPU.Build.0 = Release|Any CPU
		{DA128EBC-E804-4FF7-BD97-E30EEB0F9CFA}.Debug|Any CPU.ActiveCfg = Debug|Any CPU
		{DA128EBC-E804-4FF7-BD97-E30EEB0F9CFA}.Debug|Any CPU.Build.0 = Debug|Any CPU
		{DA128EBC-E804-4FF7-BD97-E30EEB0F9CFA}.Release|Any CPU.ActiveCfg = Release|Any CPU
		{DA128EBC-E804-4FF7-BD97-E30EEB0F9CFA}.Release|Any CPU.Build.0 = Release|Any CPU
		{741BC0A7-E547-43F1-A772-F0B1875D44B8}.Debug|Any CPU.ActiveCfg = Debug|Any CPU
		{741BC0A7-E547-43F1-A772-F0B1875D44B8}.Debug|Any CPU.Build.0 = Debug|Any CPU
		{741BC0A7-E547-43F1-A772-F0B1875D44B8}.Release|Any CPU.ActiveCfg = Release|Any CPU
		{741BC0A7-E547-43F1-A772-F0B1875D44B8}.Release|Any CPU.Build.0 = Release|Any CPU
		{3B5B3AD9-44F6-4BA5-BCCB-AFD15F2A406E}.Debug|Any CPU.ActiveCfg = Debug|Any CPU
		{3B5B3AD9-44F6-4BA5-BCCB-AFD15F2A406E}.Debug|Any CPU.Build.0 = Debug|Any CPU
		{3B5B3AD9-44F6-4BA5-BCCB-AFD15F2A406E}.Release|Any CPU.ActiveCfg = Release|Any CPU
		{3B5B3AD9-44F6-4BA5-BCCB-AFD15F2A406E}.Release|Any CPU.Build.0 = Release|Any CPU
		{69507C52-2FAF-4A2F-A09B-F5630E1DCB6D}.Debug|Any CPU.ActiveCfg = Debug|Any CPU
		{69507C52-2FAF-4A2F-A09B-F5630E1DCB6D}.Debug|Any CPU.Build.0 = Debug|Any CPU
		{69507C52-2FAF-4A2F-A09B-F5630E1DCB6D}.Release|Any CPU.ActiveCfg = Release|Any CPU
		{69507C52-2FAF-4A2F-A09B-F5630E1DCB6D}.Release|Any CPU.Build.0 = Release|Any CPU
		{8D0D58A1-6532-4334-80E8-77211CD5C42D}.Debug|Any CPU.ActiveCfg = Debug|Any CPU
		{8D0D58A1-6532-4334-80E8-77211CD5C42D}.Debug|Any CPU.Build.0 = Debug|Any CPU
		{8D0D58A1-6532-4334-80E8-77211CD5C42D}.Release|Any CPU.ActiveCfg = Release|Any CPU
		{8D0D58A1-6532-4334-80E8-77211CD5C42D}.Release|Any CPU.Build.0 = Release|Any CPU
		{9DA37F26-1F89-45C1-9D7E-8130605B4F41}.Debug|Any CPU.ActiveCfg = Debug|Any CPU
		{9DA37F26-1F89-45C1-9D7E-8130605B4F41}.Debug|Any CPU.Build.0 = Debug|Any CPU
		{9DA37F26-1F89-45C1-9D7E-8130605B4F41}.Release|Any CPU.ActiveCfg = Release|Any CPU
		{9DA37F26-1F89-45C1-9D7E-8130605B4F41}.Release|Any CPU.Build.0 = Release|Any CPU
		{DA605E96-4EFF-4856-81F0-4980B8AAC411}.Debug|Any CPU.ActiveCfg = Debug|Any CPU
		{DA605E96-4EFF-4856-81F0-4980B8AAC411}.Debug|Any CPU.Build.0 = Debug|Any CPU
		{DA605E96-4EFF-4856-81F0-4980B8AAC411}.Release|Any CPU.ActiveCfg = Release|Any CPU
		{DA605E96-4EFF-4856-81F0-4980B8AAC411}.Release|Any CPU.Build.0 = Release|Any CPU
		{0D4BBEBC-F702-4020-A5E5-2CAF888B9B68}.Debug|Any CPU.ActiveCfg = Debug|Any CPU
		{0D4BBEBC-F702-4020-A5E5-2CAF888B9B68}.Debug|Any CPU.Build.0 = Debug|Any CPU
		{0D4BBEBC-F702-4020-A5E5-2CAF888B9B68}.Release|Any CPU.ActiveCfg = Release|Any CPU
		{0D4BBEBC-F702-4020-A5E5-2CAF888B9B68}.Release|Any CPU.Build.0 = Release|Any CPU
		{192F75E0-5030-4086-8D63-5BAE07BB277C}.Debug|Any CPU.ActiveCfg = Debug|Any CPU
		{192F75E0-5030-4086-8D63-5BAE07BB277C}.Debug|Any CPU.Build.0 = Debug|Any CPU
		{192F75E0-5030-4086-8D63-5BAE07BB277C}.Release|Any CPU.ActiveCfg = Release|Any CPU
		{192F75E0-5030-4086-8D63-5BAE07BB277C}.Release|Any CPU.Build.0 = Release|Any CPU
		{676FBA87-2469-4BE1-A201-E3C3D1E369A7}.Debug|Any CPU.ActiveCfg = Debug|Any CPU
		{676FBA87-2469-4BE1-A201-E3C3D1E369A7}.Debug|Any CPU.Build.0 = Debug|Any CPU
		{676FBA87-2469-4BE1-A201-E3C3D1E369A7}.Release|Any CPU.ActiveCfg = Release|Any CPU
		{676FBA87-2469-4BE1-A201-E3C3D1E369A7}.Release|Any CPU.Build.0 = Release|Any CPU
		{F04F2184-18B1-4F58-8FF4-CF81612124E7}.Debug|Any CPU.ActiveCfg = Debug|Any CPU
		{F04F2184-18B1-4F58-8FF4-CF81612124E7}.Debug|Any CPU.Build.0 = Debug|Any CPU
		{F04F2184-18B1-4F58-8FF4-CF81612124E7}.Release|Any CPU.ActiveCfg = Release|Any CPU
		{F04F2184-18B1-4F58-8FF4-CF81612124E7}.Release|Any CPU.Build.0 = Release|Any CPU
		{C3094DB7-0784-4471-909C-F61CB9B1A4D9}.Debug|Any CPU.ActiveCfg = Debug|Any CPU
		{C3094DB7-0784-4471-909C-F61CB9B1A4D9}.Debug|Any CPU.Build.0 = Debug|Any CPU
		{C3094DB7-0784-4471-909C-F61CB9B1A4D9}.Release|Any CPU.ActiveCfg = Release|Any CPU
		{C3094DB7-0784-4471-909C-F61CB9B1A4D9}.Release|Any CPU.Build.0 = Release|Any CPU
		{B30D07B6-739A-4979-B06A-7983B0E91807}.Debug|Any CPU.ActiveCfg = Debug|Any CPU
		{B30D07B6-739A-4979-B06A-7983B0E91807}.Debug|Any CPU.Build.0 = Debug|Any CPU
		{B30D07B6-739A-4979-B06A-7983B0E91807}.Release|Any CPU.ActiveCfg = Release|Any CPU
		{B30D07B6-739A-4979-B06A-7983B0E91807}.Release|Any CPU.Build.0 = Release|Any CPU
		{34066BD9-2F5C-4FF2-8E58-1B66092ADE1F}.Debug|Any CPU.ActiveCfg = Debug|Any CPU
		{34066BD9-2F5C-4FF2-8E58-1B66092ADE1F}.Debug|Any CPU.Build.0 = Debug|Any CPU
		{34066BD9-2F5C-4FF2-8E58-1B66092ADE1F}.Release|Any CPU.ActiveCfg = Release|Any CPU
		{34066BD9-2F5C-4FF2-8E58-1B66092ADE1F}.Release|Any CPU.Build.0 = Release|Any CPU
		{494E4A41-15E3-4459-AEF1-5C2D29E0A2CB}.Debug|Any CPU.ActiveCfg = Debug|Any CPU
		{494E4A41-15E3-4459-AEF1-5C2D29E0A2CB}.Debug|Any CPU.Build.0 = Debug|Any CPU
		{494E4A41-15E3-4459-AEF1-5C2D29E0A2CB}.Release|Any CPU.ActiveCfg = Release|Any CPU
		{494E4A41-15E3-4459-AEF1-5C2D29E0A2CB}.Release|Any CPU.Build.0 = Release|Any CPU
		{596FF8D4-E028-4662-AC1D-CE0FA2605C9B}.Debug|Any CPU.ActiveCfg = Debug|Any CPU
		{596FF8D4-E028-4662-AC1D-CE0FA2605C9B}.Debug|Any CPU.Build.0 = Debug|Any CPU
		{596FF8D4-E028-4662-AC1D-CE0FA2605C9B}.Release|Any CPU.ActiveCfg = Release|Any CPU
		{596FF8D4-E028-4662-AC1D-CE0FA2605C9B}.Release|Any CPU.Build.0 = Release|Any CPU
		{7561732C-6212-45DB-9AEE-081927B1A89D}.Debug|Any CPU.ActiveCfg = Debug|Any CPU
		{7561732C-6212-45DB-9AEE-081927B1A89D}.Debug|Any CPU.Build.0 = Debug|Any CPU
		{7561732C-6212-45DB-9AEE-081927B1A89D}.Release|Any CPU.ActiveCfg = Release|Any CPU
		{7561732C-6212-45DB-9AEE-081927B1A89D}.Release|Any CPU.Build.0 = Release|Any CPU
		{798A4018-4C62-44EF-ACD4-F79FC940C78D}.Debug|Any CPU.ActiveCfg = Debug|Any CPU
		{798A4018-4C62-44EF-ACD4-F79FC940C78D}.Debug|Any CPU.Build.0 = Debug|Any CPU
		{798A4018-4C62-44EF-ACD4-F79FC940C78D}.Release|Any CPU.ActiveCfg = Release|Any CPU
		{798A4018-4C62-44EF-ACD4-F79FC940C78D}.Release|Any CPU.Build.0 = Release|Any CPU
		{71C9029D-86D3-41C1-AB3A-F5395358DC38}.Debug|Any CPU.ActiveCfg = Debug|Any CPU
		{71C9029D-86D3-41C1-AB3A-F5395358DC38}.Debug|Any CPU.Build.0 = Debug|Any CPU
		{71C9029D-86D3-41C1-AB3A-F5395358DC38}.Release|Any CPU.ActiveCfg = Release|Any CPU
		{71C9029D-86D3-41C1-AB3A-F5395358DC38}.Release|Any CPU.Build.0 = Release|Any CPU
		{9C17E881-7AA3-4396-9D52-553EEF1CF610}.Debug|Any CPU.ActiveCfg = Debug|Any CPU
		{9C17E881-7AA3-4396-9D52-553EEF1CF610}.Debug|Any CPU.Build.0 = Debug|Any CPU
		{9C17E881-7AA3-4396-9D52-553EEF1CF610}.Release|Any CPU.ActiveCfg = Release|Any CPU
		{9C17E881-7AA3-4396-9D52-553EEF1CF610}.Release|Any CPU.Build.0 = Release|Any CPU
		{F01AF519-B7DC-4056-95A1-CB26745AA79A}.Debug|Any CPU.ActiveCfg = Debug|Any CPU
		{F01AF519-B7DC-4056-95A1-CB26745AA79A}.Debug|Any CPU.Build.0 = Debug|Any CPU
		{F01AF519-B7DC-4056-95A1-CB26745AA79A}.Release|Any CPU.ActiveCfg = Release|Any CPU
		{F01AF519-B7DC-4056-95A1-CB26745AA79A}.Release|Any CPU.Build.0 = Release|Any CPU
		{9FBA21C6-72C5-4353-9844-1EEF3CD055E5}.Debug|Any CPU.ActiveCfg = Debug|Any CPU
		{9FBA21C6-72C5-4353-9844-1EEF3CD055E5}.Debug|Any CPU.Build.0 = Debug|Any CPU
		{9FBA21C6-72C5-4353-9844-1EEF3CD055E5}.Release|Any CPU.ActiveCfg = Release|Any CPU
		{9FBA21C6-72C5-4353-9844-1EEF3CD055E5}.Release|Any CPU.Build.0 = Release|Any CPU
		{B4814C04-424F-476B-92FE-A2F1B0BAF4D1}.Debug|Any CPU.ActiveCfg = Debug|Any CPU
		{B4814C04-424F-476B-92FE-A2F1B0BAF4D1}.Debug|Any CPU.Build.0 = Debug|Any CPU
		{B4814C04-424F-476B-92FE-A2F1B0BAF4D1}.Release|Any CPU.ActiveCfg = Release|Any CPU
		{B4814C04-424F-476B-92FE-A2F1B0BAF4D1}.Release|Any CPU.Build.0 = Release|Any CPU
	EndGlobalSection
	GlobalSection(SolutionProperties) = preSolution
		HideSolutionNode = FALSE
	EndGlobalSection
	GlobalSection(NestedProjects) = preSolution
		{18D2305F-ADD7-44DD-AA5E-DE8D6253F714} = {727FE473-F45A-4CCA-83CC-AAE94CEA2BCC}
		{B8B630C8-5333-4ADA-A1F0-974AB6D7EC23} = {18D2305F-ADD7-44DD-AA5E-DE8D6253F714}
		{21A356B3-9D09-4D31-9DC8-40FAD004AAEA} = {18D2305F-ADD7-44DD-AA5E-DE8D6253F714}
		{741BC0A7-E547-43F1-A772-F0B1875D44B8} = {0E07F73A-6274-44FE-9392-9EFC6C60E3A9}
		{3B5B3AD9-44F6-4BA5-BCCB-AFD15F2A406E} = {18D2305F-ADD7-44DD-AA5E-DE8D6253F714}
		{69507C52-2FAF-4A2F-A09B-F5630E1DCB6D} = {0E07F73A-6274-44FE-9392-9EFC6C60E3A9}
		{A2E26CFC-2BE2-425A-847B-6F57B7FAA35F} = {727FE473-F45A-4CCA-83CC-AAE94CEA2BCC}
		{8D0D58A1-6532-4334-80E8-77211CD5C42D} = {A2E26CFC-2BE2-425A-847B-6F57B7FAA35F}
		{9DA37F26-1F89-45C1-9D7E-8130605B4F41} = {A2E26CFC-2BE2-425A-847B-6F57B7FAA35F}
		{DA605E96-4EFF-4856-81F0-4980B8AAC411} = {A2E26CFC-2BE2-425A-847B-6F57B7FAA35F}
		{0D4BBEBC-F702-4020-A5E5-2CAF888B9B68} = {BFD10B2B-73A9-44CD-97E6-380B07B365F2}
		{192F75E0-5030-4086-8D63-5BAE07BB277C} = {BFD10B2B-73A9-44CD-97E6-380B07B365F2}
		{676FBA87-2469-4BE1-A201-E3C3D1E369A7} = {BFD10B2B-73A9-44CD-97E6-380B07B365F2}
		{BFD10B2B-73A9-44CD-97E6-380B07B365F2} = {727FE473-F45A-4CCA-83CC-AAE94CEA2BCC}
		{F04F2184-18B1-4F58-8FF4-CF81612124E7} = {0E07F73A-6274-44FE-9392-9EFC6C60E3A9}
		{C3094DB7-0784-4471-909C-F61CB9B1A4D9} = {0E07F73A-6274-44FE-9392-9EFC6C60E3A9}
		{70E746F5-E3C2-4506-BE50-7C6F9BDA0D83} = {727FE473-F45A-4CCA-83CC-AAE94CEA2BCC}
		{B30D07B6-739A-4979-B06A-7983B0E91807} = {70E746F5-E3C2-4506-BE50-7C6F9BDA0D83}
		{34066BD9-2F5C-4FF2-8E58-1B66092ADE1F} = {70E746F5-E3C2-4506-BE50-7C6F9BDA0D83}
		{494E4A41-15E3-4459-AEF1-5C2D29E0A2CB} = {70E746F5-E3C2-4506-BE50-7C6F9BDA0D83}
		{CFBB2AC0-A49E-4AFF-9327-C2628710ACE0} = {727FE473-F45A-4CCA-83CC-AAE94CEA2BCC}
		{596FF8D4-E028-4662-AC1D-CE0FA2605C9B} = {047CF146-83F3-441A-A47A-0EAC576F049C}
		{7561732C-6212-45DB-9AEE-081927B1A89D} = {047CF146-83F3-441A-A47A-0EAC576F049C}
		{798A4018-4C62-44EF-ACD4-F79FC940C78D} = {047CF146-83F3-441A-A47A-0EAC576F049C}
		{71C9029D-86D3-41C1-AB3A-F5395358DC38} = {69DC6ED3-55A1-446D-9E47-6145742234FD}
		{9C17E881-7AA3-4396-9D52-553EEF1CF610} = {69DC6ED3-55A1-446D-9E47-6145742234FD}
		{F01AF519-B7DC-4056-95A1-CB26745AA79A} = {69DC6ED3-55A1-446D-9E47-6145742234FD}
		{9FBA21C6-72C5-4353-9844-1EEF3CD055E5} = {69DC6ED3-55A1-446D-9E47-6145742234FD}
		{B4814C04-424F-476B-92FE-A2F1B0BAF4D1} = {047CF146-83F3-441A-A47A-0EAC576F049C}
		{047CF146-83F3-441A-A47A-0EAC576F049C} = {CFBB2AC0-A49E-4AFF-9327-C2628710ACE0}
		{69DC6ED3-55A1-446D-9E47-6145742234FD} = {CFBB2AC0-A49E-4AFF-9327-C2628710ACE0}
	EndGlobalSection
	GlobalSection(ExtensibilityGlobals) = postSolution
		SolutionGuid = {3054D875-7F92-4AE6-A39E-761A63FAC728}
	EndGlobalSection
EndGlobal
